// !$*UTF8*$!
{
	archiveVersion = 1;
	classes = {
	};
	objectVersion = 50;
	objects = {

/* Begin PBXBuildFile section */
		2B39B4F824EDCA8700D300B3 /* AppDelegate.swift in Sources */ = {isa = PBXBuildFile; fileRef = 2B39B4F724EDCA8700D300B3 /* AppDelegate.swift */; };
		2B39B4FA24EDCA8700D300B3 /* ViewController.swift in Sources */ = {isa = PBXBuildFile; fileRef = 2B39B4F924EDCA8700D300B3 /* ViewController.swift */; };
		2B39B4FD24EDCA8700D300B3 /* Main.storyboard in Resources */ = {isa = PBXBuildFile; fileRef = 2B39B4FB24EDCA8700D300B3 /* Main.storyboard */; };
		2B39B4FF24EDCA8800D300B3 /* Assets.xcassets in Resources */ = {isa = PBXBuildFile; fileRef = 2B39B4FE24EDCA8800D300B3 /* Assets.xcassets */; };
		2B39B50224EDCA8800D300B3 /* LaunchScreen.storyboard in Resources */ = {isa = PBXBuildFile; fileRef = 2B39B50024EDCA8800D300B3 /* LaunchScreen.storyboard */; };
		2B39B50D24EDCA8800D300B3 /* ADStoreTests.swift in Sources */ = {isa = PBXBuildFile; fileRef = 2B39B50C24EDCA8800D300B3 /* ADStoreTests.swift */; };
		2B39B51824EDCA8800D300B3 /* ADStoreUITests.swift in Sources */ = {isa = PBXBuildFile; fileRef = 2B39B51724EDCA8800D300B3 /* ADStoreUITests.swift */; };
/* End PBXBuildFile section */

/* Begin PBXContainerItemProxy section */
		2B39B50924EDCA8800D300B3 /* PBXContainerItemProxy */ = {
			isa = PBXContainerItemProxy;
			containerPortal = 2B39B4EC24EDCA8700D300B3 /* Project object */;
			proxyType = 1;
			remoteGlobalIDString = 2B39B4F324EDCA8700D300B3;
			remoteInfo = ADStore;
		};
		2B39B51424EDCA8800D300B3 /* PBXContainerItemProxy */ = {
			isa = PBXContainerItemProxy;
			containerPortal = 2B39B4EC24EDCA8700D300B3 /* Project object */;
			proxyType = 1;
			remoteGlobalIDString = 2B39B4F324EDCA8700D300B3;
			remoteInfo = ADStore;
		};
/* End PBXContainerItemProxy section */

/* Begin PBXFileReference section */
		2B39B4F424EDCA8700D300B3 /* ADStore.app */ = {isa = PBXFileReference; explicitFileType = wrapper.application; includeInIndex = 0; path = ADStore.app; sourceTree = BUILT_PRODUCTS_DIR; };
		2B39B4F724EDCA8700D300B3 /* AppDelegate.swift */ = {isa = PBXFileReference; lastKnownFileType = sourcecode.swift; path = AppDelegate.swift; sourceTree = "<group>"; };
		2B39B4F924EDCA8700D300B3 /* ViewController.swift */ = {isa = PBXFileReference; lastKnownFileType = sourcecode.swift; path = ViewController.swift; sourceTree = "<group>"; };
		2B39B4FC24EDCA8700D300B3 /* Base */ = {isa = PBXFileReference; lastKnownFileType = file.storyboard; name = Base; path = Base.lproj/Main.storyboard; sourceTree = "<group>"; };
		2B39B4FE24EDCA8800D300B3 /* Assets.xcassets */ = {isa = PBXFileReference; lastKnownFileType = folder.assetcatalog; path = Assets.xcassets; sourceTree = "<group>"; };
		2B39B50124EDCA8800D300B3 /* Base */ = {isa = PBXFileReference; lastKnownFileType = file.storyboard; name = Base; path = Base.lproj/LaunchScreen.storyboard; sourceTree = "<group>"; };
		2B39B50324EDCA8800D300B3 /* Info.plist */ = {isa = PBXFileReference; lastKnownFileType = text.plist.xml; path = Info.plist; sourceTree = "<group>"; };
		2B39B50824EDCA8800D300B3 /* ADStoreTests.xctest */ = {isa = PBXFileReference; explicitFileType = wrapper.cfbundle; includeInIndex = 0; path = ADStoreTests.xctest; sourceTree = BUILT_PRODUCTS_DIR; };
		2B39B50C24EDCA8800D300B3 /* ADStoreTests.swift */ = {isa = PBXFileReference; lastKnownFileType = sourcecode.swift; path = ADStoreTests.swift; sourceTree = "<group>"; };
		2B39B50E24EDCA8800D300B3 /* Info.plist */ = {isa = PBXFileReference; lastKnownFileType = text.plist.xml; path = Info.plist; sourceTree = "<group>"; };
		2B39B51324EDCA8800D300B3 /* ADStoreUITests.xctest */ = {isa = PBXFileReference; explicitFileType = wrapper.cfbundle; includeInIndex = 0; path = ADStoreUITests.xctest; sourceTree = BUILT_PRODUCTS_DIR; };
		2B39B51724EDCA8800D300B3 /* ADStoreUITests.swift */ = {isa = PBXFileReference; lastKnownFileType = sourcecode.swift; path = ADStoreUITests.swift; sourceTree = "<group>"; };
		2B39B51924EDCA8800D300B3 /* Info.plist */ = {isa = PBXFileReference; lastKnownFileType = text.plist.xml; path = Info.plist; sourceTree = "<group>"; };
/* End PBXFileReference section */

/* Begin PBXFrameworksBuildPhase section */
		2B39B4F124EDCA8700D300B3 /* Frameworks */ = {
			isa = PBXFrameworksBuildPhase;
			buildActionMask = 2147483647;
			files = (
			);
			runOnlyForDeploymentPostprocessing = 0;
		};
		2B39B50524EDCA8800D300B3 /* Frameworks */ = {
			isa = PBXFrameworksBuildPhase;
			buildActionMask = 2147483647;
			files = (
			);
			runOnlyForDeploymentPostprocessing = 0;
		};
		2B39B51024EDCA8800D300B3 /* Frameworks */ = {
			isa = PBXFrameworksBuildPhase;
			buildActionMask = 2147483647;
			files = (
			);
			runOnlyForDeploymentPostprocessing = 0;
		};
/* End PBXFrameworksBuildPhase section */

/* Begin PBXGroup section */
		2B39B4EB24EDCA8700D300B3 = {
			isa = PBXGroup;
			children = (
				2B39B4F624EDCA8700D300B3 /* ADStore */,
				2B39B50B24EDCA8800D300B3 /* ADStoreTests */,
				2B39B51624EDCA8800D300B3 /* ADStoreUITests */,
				2B39B4F524EDCA8700D300B3 /* Products */,
			);
			sourceTree = "<group>";
		};
		2B39B4F524EDCA8700D300B3 /* Products */ = {
			isa = PBXGroup;
			children = (
				2B39B4F424EDCA8700D300B3 /* ADStore.app */,
				2B39B50824EDCA8800D300B3 /* ADStoreTests.xctest */,
				2B39B51324EDCA8800D300B3 /* ADStoreUITests.xctest */,
			);
			name = Products;
			sourceTree = "<group>";
		};
		2B39B4F624EDCA8700D300B3 /* ADStore */ = {
			isa = PBXGroup;
			children = (
				2B39B4F724EDCA8700D300B3 /* AppDelegate.swift */,
				2B39B4F924EDCA8700D300B3 /* ViewController.swift */,
				2B39B4FB24EDCA8700D300B3 /* Main.storyboard */,
				2B39B4FE24EDCA8800D300B3 /* Assets.xcassets */,
				2B39B50024EDCA8800D300B3 /* LaunchScreen.storyboard */,
				2B39B50324EDCA8800D300B3 /* Info.plist */,
			);
			path = ADStore;
			sourceTree = "<group>";
		};
		2B39B50B24EDCA8800D300B3 /* ADStoreTests */ = {
			isa = PBXGroup;
			children = (
				2B39B50C24EDCA8800D300B3 /* ADStoreTests.swift */,
				2B39B50E24EDCA8800D300B3 /* Info.plist */,
			);
			path = ADStoreTests;
			sourceTree = "<group>";
		};
		2B39B51624EDCA8800D300B3 /* ADStoreUITests */ = {
			isa = PBXGroup;
			children = (
				2B39B51724EDCA8800D300B3 /* ADStoreUITests.swift */,
				2B39B51924EDCA8800D300B3 /* Info.plist */,
			);
			path = ADStoreUITests;
			sourceTree = "<group>";
		};
/* End PBXGroup section */

/* Begin PBXNativeTarget section */
		2B39B4F324EDCA8700D300B3 /* ADStore */ = {
			isa = PBXNativeTarget;
			buildConfigurationList = 2B39B51C24EDCA8800D300B3 /* Build configuration list for PBXNativeTarget "ADStore" */;
			buildPhases = (
				2B39B4F024EDCA8700D300B3 /* Sources */,
				2B39B4F124EDCA8700D300B3 /* Frameworks */,
				2B39B4F224EDCA8700D300B3 /* Resources */,
			);
			buildRules = (
			);
			dependencies = (
			);
			name = ADStore;
			productName = ADStore;
			productReference = 2B39B4F424EDCA8700D300B3 /* ADStore.app */;
			productType = "com.apple.product-type.application";
		};
		2B39B50724EDCA8800D300B3 /* ADStoreTests */ = {
			isa = PBXNativeTarget;
			buildConfigurationList = 2B39B51F24EDCA8800D300B3 /* Build configuration list for PBXNativeTarget "ADStoreTests" */;
			buildPhases = (
				2B39B50424EDCA8800D300B3 /* Sources */,
				2B39B50524EDCA8800D300B3 /* Frameworks */,
				2B39B50624EDCA8800D300B3 /* Resources */,
			);
			buildRules = (
			);
			dependencies = (
				2B39B50A24EDCA8800D300B3 /* PBXTargetDependency */,
			);
			name = ADStoreTests;
			productName = ADStoreTests;
			productReference = 2B39B50824EDCA8800D300B3 /* ADStoreTests.xctest */;
			productType = "com.apple.product-type.bundle.unit-test";
		};
		2B39B51224EDCA8800D300B3 /* ADStoreUITests */ = {
			isa = PBXNativeTarget;
			buildConfigurationList = 2B39B52224EDCA8800D300B3 /* Build configuration list for PBXNativeTarget "ADStoreUITests" */;
			buildPhases = (
				2B39B50F24EDCA8800D300B3 /* Sources */,
				2B39B51024EDCA8800D300B3 /* Frameworks */,
				2B39B51124EDCA8800D300B3 /* Resources */,
			);
			buildRules = (
			);
			dependencies = (
				2B39B51524EDCA8800D300B3 /* PBXTargetDependency */,
			);
			name = ADStoreUITests;
			productName = ADStoreUITests;
			productReference = 2B39B51324EDCA8800D300B3 /* ADStoreUITests.xctest */;
			productType = "com.apple.product-type.bundle.ui-testing";
		};
/* End PBXNativeTarget section */

/* Begin PBXProject section */
		2B39B4EC24EDCA8700D300B3 /* Project object */ = {
			isa = PBXProject;
			attributes = {
				LastSwiftUpdateCheck = 1020;
				LastUpgradeCheck = 1020;
				ORGANIZATIONNAME = "Naji Kanounji";
				TargetAttributes = {
					2B39B4F324EDCA8700D300B3 = {
						CreatedOnToolsVersion = 10.2.1;
					};
					2B39B50724EDCA8800D300B3 = {
						CreatedOnToolsVersion = 10.2.1;
						TestTargetID = 2B39B4F324EDCA8700D300B3;
					};
					2B39B51224EDCA8800D300B3 = {
						CreatedOnToolsVersion = 10.2.1;
						TestTargetID = 2B39B4F324EDCA8700D300B3;
					};
				};
			};
			buildConfigurationList = 2B39B4EF24EDCA8700D300B3 /* Build configuration list for PBXProject "ADStore" */;
			compatibilityVersion = "Xcode 9.3";
			developmentRegion = en;
			hasScannedForEncodings = 0;
			knownRegions = (
				en,
				Base,
			);
			mainGroup = 2B39B4EB24EDCA8700D300B3;
			productRefGroup = 2B39B4F524EDCA8700D300B3 /* Products */;
			projectDirPath = "";
			projectRoot = "";
			targets = (
				2B39B4F324EDCA8700D300B3 /* ADStore */,
				2B39B50724EDCA8800D300B3 /* ADStoreTests */,
				2B39B51224EDCA8800D300B3 /* ADStoreUITests */,
			);
		};
/* End PBXProject section */

/* Begin PBXResourcesBuildPhase section */
		2B39B4F224EDCA8700D300B3 /* Resources */ = {
			isa = PBXResourcesBuildPhase;
			buildActionMask = 2147483647;
			files = (
				2B39B50224EDCA8800D300B3 /* LaunchScreen.storyboard in Resources */,
				2B39B4FF24EDCA8800D300B3 /* Assets.xcassets in Resources */,
				2B39B4FD24EDCA8700D300B3 /* Main.storyboard in Resources */,
			);
			runOnlyForDeploymentPostprocessing = 0;
		};
		2B39B50624EDCA8800D300B3 /* Resources */ = {
			isa = PBXResourcesBuildPhase;
			buildActionMask = 2147483647;
			files = (
			);
			runOnlyForDeploymentPostprocessing = 0;
		};
		2B39B51124EDCA8800D300B3 /* Resources */ = {
			isa = PBXResourcesBuildPhase;
			buildActionMask = 2147483647;
			files = (
			);
			runOnlyForDeploymentPostprocessing = 0;
		};
/* End PBXResourcesBuildPhase section */

/* Begin PBXSourcesBuildPhase section */
		2B39B4F024EDCA8700D300B3 /* Sources */ = {
			isa = PBXSourcesBuildPhase;
			buildActionMask = 2147483647;
			files = (
				2B39B4FA24EDCA8700D300B3 /* ViewController.swift in Sources */,
				2B39B4F824EDCA8700D300B3 /* AppDelegate.swift in Sources */,
			);
			runOnlyForDeploymentPostprocessing = 0;
		};
		2B39B50424EDCA8800D300B3 /* Sources */ = {
			isa = PBXSourcesBuildPhase;
			buildActionMask = 2147483647;
			files = (
				2B39B50D24EDCA8800D300B3 /* ADStoreTests.swift in Sources */,
			);
			runOnlyForDeploymentPostprocessing = 0;
		};
		2B39B50F24EDCA8800D300B3 /* Sources */ = {
			isa = PBXSourcesBuildPhase;
			buildActionMask = 2147483647;
			files = (
				2B39B51824EDCA8800D300B3 /* ADStoreUITests.swift in Sources */,
			);
			runOnlyForDeploymentPostprocessing = 0;
		};
/* End PBXSourcesBuildPhase section */

/* Begin PBXTargetDependency section */
		2B39B50A24EDCA8800D300B3 /* PBXTargetDependency */ = {
			isa = PBXTargetDependency;
			target = 2B39B4F324EDCA8700D300B3 /* ADStore */;
			targetProxy = 2B39B50924EDCA8800D300B3 /* PBXContainerItemProxy */;
		};
		2B39B51524EDCA8800D300B3 /* PBXTargetDependency */ = {
			isa = PBXTargetDependency;
			target = 2B39B4F324EDCA8700D300B3 /* ADStore */;
			targetProxy = 2B39B51424EDCA8800D300B3 /* PBXContainerItemProxy */;
		};
/* End PBXTargetDependency section */

/* Begin PBXVariantGroup section */
		2B39B4FB24EDCA8700D300B3 /* Main.storyboard */ = {
			isa = PBXVariantGroup;
			children = (
				2B39B4FC24EDCA8700D300B3 /* Base */,
			);
			name = Main.storyboard;
			sourceTree = "<group>";
		};
		2B39B50024EDCA8800D300B3 /* LaunchScreen.storyboard */ = {
			isa = PBXVariantGroup;
			children = (
				2B39B50124EDCA8800D300B3 /* Base */,
			);
			name = LaunchScreen.storyboard;
			sourceTree = "<group>";
		};
/* End PBXVariantGroup section */

/* Begin XCBuildConfiguration section */
		2B39B51A24EDCA8800D300B3 /* Debug */ = {
			isa = XCBuildConfiguration;
			buildSettings = {
				ALWAYS_SEARCH_USER_PATHS = NO;
				CLANG_ANALYZER_NONNULL = YES;
				CLANG_ANALYZER_NUMBER_OBJECT_CONVERSION = YES_AGGRESSIVE;
				CLANG_CXX_LANGUAGE_STANDARD = "gnu++14";
				CLANG_CXX_LIBRARY = "libc++";
				CLANG_ENABLE_MODULES = YES;
				CLANG_ENABLE_OBJC_ARC = YES;
				CLANG_ENABLE_OBJC_WEAK = YES;
				CLANG_WARN_BLOCK_CAPTURE_AUTORELEASING = YES;
				CLANG_WARN_BOOL_CONVERSION = YES;
				CLANG_WARN_COMMA = YES;
				CLANG_WARN_CONSTANT_CONVERSION = YES;
				CLANG_WARN_DEPRECATED_OBJC_IMPLEMENTATIONS = YES;
				CLANG_WARN_DIRECT_OBJC_ISA_USAGE = YES_ERROR;
				CLANG_WARN_DOCUMENTATION_COMMENTS = YES;
				CLANG_WARN_EMPTY_BODY = YES;
				CLANG_WARN_ENUM_CONVERSION = YES;
				CLANG_WARN_INFINITE_RECURSION = YES;
				CLANG_WARN_INT_CONVERSION = YES;
				CLANG_WARN_NON_LITERAL_NULL_CONVERSION = YES;
				CLANG_WARN_OBJC_IMPLICIT_RETAIN_SELF = YES;
				CLANG_WARN_OBJC_LITERAL_CONVERSION = YES;
				CLANG_WARN_OBJC_ROOT_CLASS = YES_ERROR;
				CLANG_WARN_RANGE_LOOP_ANALYSIS = YES;
				CLANG_WARN_STRICT_PROTOTYPES = YES;
				CLANG_WARN_SUSPICIOUS_MOVE = YES;
				CLANG_WARN_UNGUARDED_AVAILABILITY = YES_AGGRESSIVE;
				CLANG_WARN_UNREACHABLE_CODE = YES;
				CLANG_WARN__DUPLICATE_METHOD_MATCH = YES;
				CODE_SIGN_IDENTITY = "iPhone Developer";
				COPY_PHASE_STRIP = NO;
				DEBUG_INFORMATION_FORMAT = dwarf;
				ENABLE_STRICT_OBJC_MSGSEND = YES;
				ENABLE_TESTABILITY = YES;
				GCC_C_LANGUAGE_STANDARD = gnu11;
				GCC_DYNAMIC_NO_PIC = NO;
				GCC_NO_COMMON_BLOCKS = YES;
				GCC_OPTIMIZATION_LEVEL = 0;
				GCC_PREPROCESSOR_DEFINITIONS = (
					"DEBUG=1",
					"$(inherited)",
				);
				GCC_WARN_64_TO_32_BIT_CONVERSION = YES;
				GCC_WARN_ABOUT_RETURN_TYPE = YES_ERROR;
				GCC_WARN_UNDECLARED_SELECTOR = YES;
				GCC_WARN_UNINITIALIZED_AUTOS = YES_AGGRESSIVE;
				GCC_WARN_UNUSED_FUNCTION = YES;
				GCC_WARN_UNUSED_VARIABLE = YES;
				IPHONEOS_DEPLOYMENT_TARGET = 12.2;
				MTL_ENABLE_DEBUG_INFO = INCLUDE_SOURCE;
				MTL_FAST_MATH = YES;
				ONLY_ACTIVE_ARCH = YES;
				SDKROOT = iphoneos;
				SWIFT_ACTIVE_COMPILATION_CONDITIONS = DEBUG;
				SWIFT_OPTIMIZATION_LEVEL = "-Onone";
			};
			name = Debug;
		};
		2B39B51B24EDCA8800D300B3 /* Release */ = {
			isa = XCBuildConfiguration;
			buildSettings = {
				ALWAYS_SEARCH_USER_PATHS = NO;
				CLANG_ANALYZER_NONNULL = YES;
				CLANG_ANALYZER_NUMBER_OBJECT_CONVERSION = YES_AGGRESSIVE;
				CLANG_CXX_LANGUAGE_STANDARD = "gnu++14";
				CLANG_CXX_LIBRARY = "libc++";
				CLANG_ENABLE_MODULES = YES;
				CLANG_ENABLE_OBJC_ARC = YES;
				CLANG_ENABLE_OBJC_WEAK = YES;
				CLANG_WARN_BLOCK_CAPTURE_AUTORELEASING = YES;
				CLANG_WARN_BOOL_CONVERSION = YES;
				CLANG_WARN_COMMA = YES;
				CLANG_WARN_CONSTANT_CONVERSION = YES;
				CLANG_WARN_DEPRECATED_OBJC_IMPLEMENTATIONS = YES;
				CLANG_WARN_DIRECT_OBJC_ISA_USAGE = YES_ERROR;
				CLANG_WARN_DOCUMENTATION_COMMENTS = YES;
				CLANG_WARN_EMPTY_BODY = YES;
				CLANG_WARN_ENUM_CONVERSION = YES;
				CLANG_WARN_INFINITE_RECURSION = YES;
				CLANG_WARN_INT_CONVERSION = YES;
				CLANG_WARN_NON_LITERAL_NULL_CONVERSION = YES;
				CLANG_WARN_OBJC_IMPLICIT_RETAIN_SELF = YES;
				CLANG_WARN_OBJC_LITERAL_CONVERSION = YES;
				CLANG_WARN_OBJC_ROOT_CLASS = YES_ERROR;
				CLANG_WARN_RANGE_LOOP_ANALYSIS = YES;
				CLANG_WARN_STRICT_PROTOTYPES = YES;
				CLANG_WARN_SUSPICIOUS_MOVE = YES;
				CLANG_WARN_UNGUARDED_AVAILABILITY = YES_AGGRESSIVE;
				CLANG_WARN_UNREACHABLE_CODE = YES;
				CLANG_WARN__DUPLICATE_METHOD_MATCH = YES;
				CODE_SIGN_IDENTITY = "iPhone Developer";
				COPY_PHASE_STRIP = NO;
				DEBUG_INFORMATION_FORMAT = "dwarf-with-dsym";
				ENABLE_NS_ASSERTIONS = NO;
				ENABLE_STRICT_OBJC_MSGSEND = YES;
				GCC_C_LANGUAGE_STANDARD = gnu11;
				GCC_NO_COMMON_BLOCKS = YES;
				GCC_WARN_64_TO_32_BIT_CONVERSION = YES;
				GCC_WARN_ABOUT_RETURN_TYPE = YES_ERROR;
				GCC_WARN_UNDECLARED_SELECTOR = YES;
				GCC_WARN_UNINITIALIZED_AUTOS = YES_AGGRESSIVE;
				GCC_WARN_UNUSED_FUNCTION = YES;
				GCC_WARN_UNUSED_VARIABLE = YES;
				IPHONEOS_DEPLOYMENT_TARGET = 12.2;
				MTL_ENABLE_DEBUG_INFO = NO;
				MTL_FAST_MATH = YES;
				SDKROOT = iphoneos;
				SWIFT_COMPILATION_MODE = wholemodule;
				SWIFT_OPTIMIZATION_LEVEL = "-O";
				VALIDATE_PRODUCT = YES;
			};
			name = Release;
		};
		2B39B51D24EDCA8800D300B3 /* Debug */ = {
			isa = XCBuildConfiguration;
			buildSettings = {
				ASSETCATALOG_COMPILER_APPICON_NAME = AppIcon;
				CODE_SIGN_STYLE = Automatic;
				INFOPLIST_FILE = ADStore/Info.plist;
				LD_RUNPATH_SEARCH_PATHS = (
					"$(inherited)",
					"@executable_path/Frameworks",
				);
				PRODUCT_BUNDLE_IDENTIFIER = me.kanounji.naji.ADStore;
				PRODUCT_NAME = "$(TARGET_NAME)";
				SWIFT_VERSION = 5.0;
				TARGETED_DEVICE_FAMILY = "1,2";
			};
			name = Debug;
		};
		2B39B51E24EDCA8800D300B3 /* Release */ = {
			isa = XCBuildConfiguration;
			buildSettings = {
				ASSETCATALOG_COMPILER_APPICON_NAME = AppIcon;
				CODE_SIGN_STYLE = Automatic;
				INFOPLIST_FILE = ADStore/Info.plist;
				LD_RUNPATH_SEARCH_PATHS = (
					"$(inherited)",
					"@executable_path/Frameworks",
				);
				PRODUCT_BUNDLE_IDENTIFIER = me.kanounji.naji.ADStore;
				PRODUCT_NAME = "$(TARGET_NAME)";
				SWIFT_VERSION = 5.0;
				TARGETED_DEVICE_FAMILY = "1,2";
			};
			name = Release;
		};
		2B39B52024EDCA8800D300B3 /* Debug */ = {
			isa = XCBuildConfiguration;
			buildSettings = {
				ALWAYS_EMBED_SWIFT_STANDARD_LIBRARIES = YES;
				BUNDLE_LOADER = "$(TEST_HOST)";
				CODE_SIGN_STYLE = Automatic;
				INFOPLIST_FILE = ADStoreTests/Info.plist;
				LD_RUNPATH_SEARCH_PATHS = (
					"$(inherited)",
					"@executable_path/Frameworks",
					"@loader_path/Frameworks",
				);
				PRODUCT_BUNDLE_IDENTIFIER = me.kanounji.naji.ADStoreTests;
				PRODUCT_NAME = "$(TARGET_NAME)";
				SWIFT_VERSION = 5.0;
				TARGETED_DEVICE_FAMILY = "1,2";
				TEST_HOST = "$(BUILT_PRODUCTS_DIR)/ADStore.app/ADStore";
			};
			name = Debug;
		};
		2B39B52124EDCA8800D300B3 /* Release */ = {
			isa = XCBuildConfiguration;
			buildSettings = {
				ALWAYS_EMBED_SWIFT_STANDARD_LIBRARIES = YES;
				BUNDLE_LOADER = "$(TEST_HOST)";
				CODE_SIGN_STYLE = Automatic;
				INFOPLIST_FILE = ADStoreTests/Info.plist;
				LD_RUNPATH_SEARCH_PATHS = (
					"$(inherited)",
					"@executable_path/Frameworks",
					"@loader_path/Frameworks",
				);
				PRODUCT_BUNDLE_IDENTIFIER = me.kanounji.naji.ADStoreTests;
				PRODUCT_NAME = "$(TARGET_NAME)";
				SWIFT_VERSION = 5.0;
				TARGETED_DEVICE_FAMILY = "1,2";
				TEST_HOST = "$(BUILT_PRODUCTS_DIR)/ADStore.app/ADStore";
			};
			name = Release;
		};
		2B39B52324EDCA8800D300B3 /* Debug */ = {
			isa = XCBuildConfiguration;
			buildSettings = {
				ALWAYS_EMBED_SWIFT_STANDARD_LIBRARIES = YES;
				CODE_SIGN_STYLE = Automatic;
				INFOPLIST_FILE = ADStoreUITests/Info.plist;
				LD_RUNPATH_SEARCH_PATHS = (
					"$(inherited)",
					"@executable_path/Frameworks",
					"@loader_path/Frameworks",
				);
				PRODUCT_BUNDLE_IDENTIFIER = me.kanounji.naji.ADStoreUITests;
				PRODUCT_NAME = "$(TARGET_NAME)";
				SWIFT_VERSION = 5.0;
				TARGETED_DEVICE_FAMILY = "1,2";
				TEST_TARGET_NAME = ADStore;
			};
			name = Debug;
		};
		2B39B52424EDCA8800D300B3 /* Release */ = {
			isa = XCBuildConfiguration;
			buildSettings = {
				ALWAYS_EMBED_SWIFT_STANDARD_LIBRARIES = YES;
				CODE_SIGN_STYLE = Automatic;
				INFOPLIST_FILE = ADStoreUITests/Info.plist;
				LD_RUNPATH_SEARCH_PATHS = (
					"$(inherited)",
					"@executable_path/Frameworks",
					"@loader_path/Frameworks",
				);
				PRODUCT_BUNDLE_IDENTIFIER = me.kanounji.naji.ADStoreUITests;
				PRODUCT_NAME = "$(TARGET_NAME)";
				SWIFT_VERSION = 5.0;
				TARGETED_DEVICE_FAMILY = "1,2";
				TEST_TARGET_NAME = ADStore;
			};
			name = Release;
		};
/* End XCBuildConfiguration section */

/* Begin XCConfigurationList section */
		2B39B4EF24EDCA8700D300B3 /* Build configuration list for PBXProject "ADStore" */ = {
			isa = XCConfigurationList;
			buildConfigurations = (
				2B39B51A24EDCA8800D300B3 /* Debug */,
				2B39B51B24EDCA8800D300B3 /* Release */,
			);
			defaultConfigurationIsVisible = 0;
			defaultConfigurationName = Release;
		};
		2B39B51C24EDCA8800D300B3 /* Build configuration list for PBXNativeTarget "ADStore" */ = {
			isa = XCConfigurationList;
			buildConfigurations = (
				2B39B51D24EDCA8800D300B3 /* Debug */,
				2B39B51E24EDCA8800D300B3 /* Release */,
			);
			defaultConfigurationIsVisible = 0;
			defaultConfigurationName = Release;
		};
		2B39B51F24EDCA8800D300B3 /* Build configuration list for PBXNativeTarget "ADStoreTests" */ = {
			isa = XCConfigurationList;
			buildConfigurations = (
				2B39B52024EDCA8800D300B3 /* Debug */,
				2B39B52124EDCA8800D300B3 /* Release */,
			);
			defaultConfigurationIsVisible = 0;
			defaultConfigurationName = Release;
		};
		2B39B52224EDCA8800D300B3 /* Build configuration list for PBXNativeTarget "ADStoreUITests" */ = {
			isa = XCConfigurationList;
			buildConfigurations = (
				2B39B52324EDCA8800D300B3 /* Debug */,
				2B39B52424EDCA8800D300B3 /* Release */,
			);
			defaultConfigurationIsVisible = 0;
			defaultConfigurationName = Release;
		};
/* End XCConfigurationList section */
	};
	rootObject = 2B39B4EC24EDCA8700D300B3 /* Project object */;
}
